
Microsoft Visual Studio Solution File, Format Version 12.00
# Visual Studio 15
VisualStudioVersion = 15.0.28307.1800
MinimumVisualStudioVersion = 10.0.40219.1
Project("{888888A0-9F3D-457C-B088-3A5042F75D52}") = "ShoppTestCase1", "ShoppTestCase1\ShoppTestCase1.pyproj", "{B9DD75C4-ABB0-4A6D-B2F6-B961EC0FA138}"
EndProject
Global
	GlobalSection(SolutionConfigurationPlatforms) = preSolution
		Debug|Any CPU = Debug|Any CPU
		Release|Any CPU = Release|Any CPU
	EndGlobalSection
	GlobalSection(ProjectConfigurationPlatforms) = postSolution
		{B9DD75C4-ABB0-4A6D-B2F6-B961EC0FA138}.Debug|Any CPU.ActiveCfg = Debug|Any CPU
		{B9DD75C4-ABB0-4A6D-B2F6-B961EC0FA138}.Release|Any CPU.ActiveCfg = Release|Any CPU
	EndGlobalSection
	GlobalSection(SolutionProperties) = preSolution
		HideSolutionNode = FALSE
	EndGlobalSection
	GlobalSection(ExtensibilityGlobals) = postSolution
		SolutionGuid = {7C917B09-D915-41FC-832E-76C2E89D9C86}
	EndGlobalSection
EndGlobal
